
Microsoft Visual Studio Solution File, Format Version 12.00
# Visual Studio Version 16
VisualStudioVersion = 16.0.30717.126
MinimumVisualStudioVersion = 10.0.40219.1
Project("{9A19103F-16F7-4668-BE54-9A1E7A4F7556}") = "WebAPI", "WebAPI\WebAPI.csproj", "{06F9FFBA-8533-43B0-8507-C58671FCFB87}"
EndProject
Project("{9A19103F-16F7-4668-BE54-9A1E7A4F7556}") = "AllBackgroundStuff", "AllBackgroundStuff\AllBackgroundStuff.csproj", "{B221FBB8-5968-4D59-833F-240B57CD788A}"
EndProject
Project("{9A19103F-16F7-4668-BE54-9A1E7A4F7556}") = "ApiClient", "ApiClient\ApiClient.csproj", "{6DD662D4-D085-4DE7-AE44-9B14AB947709}"
EndProject
Global
	GlobalSection(SolutionConfigurationPlatforms) = preSolution
		Debug|Any CPU = Debug|Any CPU
		Release|Any CPU = Release|Any CPU
	EndGlobalSection
	GlobalSection(ProjectConfigurationPlatforms) = postSolution
		{06F9FFBA-8533-43B0-8507-C58671FCFB87}.Debug|Any CPU.ActiveCfg = Debug|Any CPU
		{06F9FFBA-8533-43B0-8507-C58671FCFB87}.Debug|Any CPU.Build.0 = Debug|Any CPU
		{06F9FFBA-8533-43B0-8507-C58671FCFB87}.Release|Any CPU.ActiveCfg = Release|Any CPU
		{06F9FFBA-8533-43B0-8507-C58671FCFB87}.Release|Any CPU.Build.0 = Release|Any CPU
		{B221FBB8-5968-4D59-833F-240B57CD788A}.Debug|Any CPU.ActiveCfg = Debug|Any CPU
		{B221FBB8-5968-4D59-833F-240B57CD788A}.Debug|Any CPU.Build.0 = Debug|Any CPU
		{B221FBB8-5968-4D59-833F-240B57CD788A}.Release|Any CPU.ActiveCfg = Release|Any CPU
		{B221FBB8-5968-4D59-833F-240B57CD788A}.Release|Any CPU.Build.0 = Release|Any CPU
		{6DD662D4-D085-4DE7-AE44-9B14AB947709}.Debug|Any CPU.ActiveCfg = Debug|Any CPU
		{6DD662D4-D085-4DE7-AE44-9B14AB947709}.Debug|Any CPU.Build.0 = Debug|Any CPU
		{6DD662D4-D085-4DE7-AE44-9B14AB947709}.Release|Any CPU.ActiveCfg = Release|Any CPU
		{6DD662D4-D085-4DE7-AE44-9B14AB947709}.Release|Any CPU.Build.0 = Release|Any CPU
	EndGlobalSection
	GlobalSection(SolutionProperties) = preSolution
		HideSolutionNode = FALSE
	EndGlobalSection
	GlobalSection(ExtensibilityGlobals) = postSolution
		SolutionGuid = {C7EB1DC5-A874-431F-AF7F-760EB1DABF9F}
	EndGlobalSection
EndGlobal
